
Microsoft Visual Studio Solution File, Format Version 12.00
# Visual Studio 14
VisualStudioVersion = 14.0.25420.1
MinimumVisualStudioVersion = 10.0.40219.1
Project("{8BC9CEB8-8B4A-11D0-8D11-00A0C91BC942}") = "mainUI", "mainUI\mainUI.vcxproj", "{9696B190-8A31-45BA-A43E-0287102EF438}"
EndProject
Project("{FAE04EC0-301F-11D3-BF4B-00C04F79EFBC}") = "WindowsFormsApplication1", "WindowsFormsApplication1\WindowsFormsApplication1.csproj", "{A2354A84-2E7F-4474-8357-70DAA76FF2D1}"
EndProject
Project("{FAE04EC0-301F-11D3-BF4B-00C04F79EFBC}") = "Celiameter", "Celiameter\Celiameter.csproj", "{8EC60B13-C1C8-407B-8DE4-F8BB1DFCC029}"
EndProject
Global
	GlobalSection(SolutionConfigurationPlatforms) = preSolution
		Debug|Any CPU = Debug|Any CPU
		Debug|ARM = Debug|ARM
		Debug|x64 = Debug|x64
		Debug|x86 = Debug|x86
		Release|Any CPU = Release|Any CPU
		Release|ARM = Release|ARM
		Release|x64 = Release|x64
		Release|x86 = Release|x86
	EndGlobalSection
	GlobalSection(ProjectConfigurationPlatforms) = postSolution
		{9696B190-8A31-45BA-A43E-0287102EF438}.Debug|Any CPU.ActiveCfg = Debug|Win32
		{9696B190-8A31-45BA-A43E-0287102EF438}.Debug|ARM.ActiveCfg = Debug|Win32
		{9696B190-8A31-45BA-A43E-0287102EF438}.Debug|x64.ActiveCfg = Debug|x64
		{9696B190-8A31-45BA-A43E-0287102EF438}.Debug|x86.ActiveCfg = Debug|Win32
		{9696B190-8A31-45BA-A43E-0287102EF438}.Debug|x86.Build.0 = Debug|Win32
		{9696B190-8A31-45BA-A43E-0287102EF438}.Release|Any CPU.ActiveCfg = Release|Win32
		{9696B190-8A31-45BA-A43E-0287102EF438}.Release|ARM.ActiveCfg = Release|Win32
		{9696B190-8A31-45BA-A43E-0287102EF438}.Release|x64.ActiveCfg = Release|x64
		{9696B190-8A31-45BA-A43E-0287102EF438}.Release|x64.Build.0 = Release|x64
		{9696B190-8A31-45BA-A43E-0287102EF438}.Release|x86.ActiveCfg = Release|Win32
		{9696B190-8A31-45BA-A43E-0287102EF438}.Release|x86.Build.0 = Release|Win32
		{A2354A84-2E7F-4474-8357-70DAA76FF2D1}.Debug|Any CPU.ActiveCfg = Debug|Any CPU
		{A2354A84-2E7F-4474-8357-70DAA76FF2D1}.Debug|Any CPU.Build.0 = Debug|Any CPU
		{A2354A84-2E7F-4474-8357-70DAA76FF2D1}.Debug|ARM.ActiveCfg = Debug|Any CPU
		{A2354A84-2E7F-4474-8357-70DAA76FF2D1}.Debug|ARM.Build.0 = Debug|Any CPU
		{A2354A84-2E7F-4474-8357-70DAA76FF2D1}.Debug|x64.ActiveCfg = Debug|x64
		{A2354A84-2E7F-4474-8357-70DAA76FF2D1}.Debug|x86.ActiveCfg = Debug|Any CPU
		{A2354A84-2E7F-4474-8357-70DAA76FF2D1}.Debug|x86.Build.0 = Debug|Any CPU
		{A2354A84-2E7F-4474-8357-70DAA76FF2D1}.Release|Any CPU.ActiveCfg = Release|Any CPU
		{A2354A84-2E7F-4474-8357-70DAA76FF2D1}.Release|Any CPU.Build.0 = Release|Any CPU
		{A2354A84-2E7F-4474-8357-70DAA76FF2D1}.Release|ARM.ActiveCfg = Release|Any CPU
		{A2354A84-2E7F-4474-8357-70DAA76FF2D1}.Release|ARM.Build.0 = Release|Any CPU
		{A2354A84-2E7F-4474-8357-70DAA76FF2D1}.Release|x64.ActiveCfg = Release|Any CPU
		{A2354A84-2E7F-4474-8357-70DAA76FF2D1}.Release|x64.Build.0 = Release|Any CPU
		{A2354A84-2E7F-4474-8357-70DAA76FF2D1}.Release|x86.ActiveCfg = Release|Any CPU
		{A2354A84-2E7F-4474-8357-70DAA76FF2D1}.Release|x86.Build.0 = Release|Any CPU
		{8EC60B13-C1C8-407B-8DE4-F8BB1DFCC029}.Debug|Any CPU.ActiveCfg = Debug|Any CPU
		{8EC60B13-C1C8-407B-8DE4-F8BB1DFCC029}.Debug|Any CPU.Build.0 = Debug|Any CPU
		{8EC60B13-C1C8-407B-8DE4-F8BB1DFCC029}.Debug|ARM.ActiveCfg = Debug|Any CPU
		{8EC60B13-C1C8-407B-8DE4-F8BB1DFCC029}.Debug|ARM.Build.0 = Debug|Any CPU
		{8EC60B13-C1C8-407B-8DE4-F8BB1DFCC029}.Debug|x64.ActiveCfg = Debug|Any CPU
		{8EC60B13-C1C8-407B-8DE4-F8BB1DFCC029}.Debug|x64.Build.0 = Debug|Any CPU
		{8EC60B13-C1C8-407B-8DE4-F8BB1DFCC029}.Debug|x86.ActiveCfg = Debug|Any CPU
		{8EC60B13-C1C8-407B-8DE4-F8BB1DFCC029}.Debug|x86.Build.0 = Debug|Any CPU
		{8EC60B13-C1C8-407B-8DE4-F8BB1DFCC029}.Release|Any CPU.ActiveCfg = Release|Any CPU
		{8EC60B13-C1C8-407B-8DE4-F8BB1DFCC029}.Release|Any CPU.Build.0 = Release|Any CPU
		{8EC60B13-C1C8-407B-8DE4-F8BB1DFCC029}.Release|ARM.ActiveCfg = Release|Any CPU
		{8EC60B13-C1C8-407B-8DE4-F8BB1DFCC029}.Release|ARM.Build.0 = Release|Any CPU
		{8EC60B13-C1C8-407B-8DE4-F8BB1DFCC029}.Release|x64.ActiveCfg = Release|Any CPU
		{8EC60B13-C1C8-407B-8DE4-F8BB1DFCC029}.Release|x64.Build.0 = Release|Any CPU
		{8EC60B13-C1C8-407B-8DE4-F8BB1DFCC029}.Release|x86.ActiveCfg = Release|Any CPU
		{8EC60B13-C1C8-407B-8DE4-F8BB1DFCC029}.Release|x86.Build.0 = Release|Any CPU
	EndGlobalSection
	GlobalSection(SolutionProperties) = preSolution
		HideSolutionNode = FALSE
	EndGlobalSection
EndGlobal
